
Microsoft Visual Studio Solution File, Format Version 12.00
# Visual Studio Version 16
VisualStudioVersion = 16.0.30907.101
MinimumVisualStudioVersion = 10.0.40219.1
Project("{FAE04EC0-301F-11D3-BF4B-00C04F79EFBC}") = "ch02_basic", "ch02_basic.csproj", "{FD8492F1-5AB8-41E8-AD91-09DE08BB1A1C}"
EndProject
Global
	GlobalSection(SolutionConfigurationPlatforms) = preSolution
		Debug|Any CPU = Debug|Any CPU
		Release|Any CPU = Release|Any CPU
	EndGlobalSection
	GlobalSection(ProjectConfigurationPlatforms) = postSolution
		{FD8492F1-5AB8-41E8-AD91-09DE08BB1A1C}.Debug|Any CPU.ActiveCfg = Debug|Any CPU
		{FD8492F1-5AB8-41E8-AD91-09DE08BB1A1C}.Debug|Any CPU.Build.0 = Debug|Any CPU
		{FD8492F1-5AB8-41E8-AD91-09DE08BB1A1C}.Release|Any CPU.ActiveCfg = Release|Any CPU
		{FD8492F1-5AB8-41E8-AD91-09DE08BB1A1C}.Release|Any CPU.Build.0 = Release|Any CPU
	EndGlobalSection
	GlobalSection(SolutionProperties) = preSolution
		HideSolutionNode = FALSE
	EndGlobalSection
	GlobalSection(ExtensibilityGlobals) = postSolution
		SolutionGuid = {601CA99F-2483-4183-B89B-BE42E69E3DE7}
	EndGlobalSection
EndGlobal
