
Microsoft Visual Studio Solution File, Format Version 12.00
# Visual Studio Version 16
VisualStudioVersion = 16.0.30907.101
MinimumVisualStudioVersion = 10.0.40219.1
Project("{FAE04EC0-301F-11D3-BF4B-00C04F79EFBC}") = "ch06_method", "ch06_method.csproj", "{CFF6B03A-0DCC-49E4-A33F-0DB010E737CD}"
EndProject
Global
	GlobalSection(SolutionConfigurationPlatforms) = preSolution
		Debug|Any CPU = Debug|Any CPU
		Release|Any CPU = Release|Any CPU
	EndGlobalSection
	GlobalSection(ProjectConfigurationPlatforms) = postSolution
		{CFF6B03A-0DCC-49E4-A33F-0DB010E737CD}.Debug|Any CPU.ActiveCfg = Debug|Any CPU
		{CFF6B03A-0DCC-49E4-A33F-0DB010E737CD}.Debug|Any CPU.Build.0 = Debug|Any CPU
		{CFF6B03A-0DCC-49E4-A33F-0DB010E737CD}.Release|Any CPU.ActiveCfg = Release|Any CPU
		{CFF6B03A-0DCC-49E4-A33F-0DB010E737CD}.Release|Any CPU.Build.0 = Release|Any CPU
	EndGlobalSection
	GlobalSection(SolutionProperties) = preSolution
		HideSolutionNode = FALSE
	EndGlobalSection
	GlobalSection(ExtensibilityGlobals) = postSolution
		SolutionGuid = {525455D7-15D5-43FA-A429-F795D202DD80}
	EndGlobalSection
EndGlobal
