
Microsoft Visual Studio Solution File, Format Version 12.00
# Visual Studio Version 16
VisualStudioVersion = 16.0.30907.101
MinimumVisualStudioVersion = 10.0.40219.1
Project("{FAE04EC0-301F-11D3-BF4B-00C04F79EFBC}") = "ch04_loop", "ch04_loop.csproj", "{2ACB0A42-47D0-4487-9BE7-1C60C6562B96}"
EndProject
Global
	GlobalSection(SolutionConfigurationPlatforms) = preSolution
		Debug|Any CPU = Debug|Any CPU
		Release|Any CPU = Release|Any CPU
	EndGlobalSection
	GlobalSection(ProjectConfigurationPlatforms) = postSolution
		{2ACB0A42-47D0-4487-9BE7-1C60C6562B96}.Debug|Any CPU.ActiveCfg = Debug|Any CPU
		{2ACB0A42-47D0-4487-9BE7-1C60C6562B96}.Debug|Any CPU.Build.0 = Debug|Any CPU
		{2ACB0A42-47D0-4487-9BE7-1C60C6562B96}.Release|Any CPU.ActiveCfg = Release|Any CPU
		{2ACB0A42-47D0-4487-9BE7-1C60C6562B96}.Release|Any CPU.Build.0 = Release|Any CPU
	EndGlobalSection
	GlobalSection(SolutionProperties) = preSolution
		HideSolutionNode = FALSE
	EndGlobalSection
	GlobalSection(ExtensibilityGlobals) = postSolution
		SolutionGuid = {EEBF8C79-9607-4F0E-B8D2-26A1ABBF16CC}
	EndGlobalSection
EndGlobal
