
Microsoft Visual Studio Solution File, Format Version 12.00
# Visual Studio Version 16
VisualStudioVersion = 16.0.30907.101
MinimumVisualStudioVersion = 10.0.40219.1
Project("{FAE04EC0-301F-11D3-BF4B-00C04F79EFBC}") = "ch05_class_basic", "ch05_class_basic.csproj", "{EDD3DCAD-CC65-4752-A1FE-A9878AC363BD}"
EndProject
Global
	GlobalSection(SolutionConfigurationPlatforms) = preSolution
		Debug|Any CPU = Debug|Any CPU
		Release|Any CPU = Release|Any CPU
	EndGlobalSection
	GlobalSection(ProjectConfigurationPlatforms) = postSolution
		{EDD3DCAD-CC65-4752-A1FE-A9878AC363BD}.Debug|Any CPU.ActiveCfg = Debug|Any CPU
		{EDD3DCAD-CC65-4752-A1FE-A9878AC363BD}.Debug|Any CPU.Build.0 = Debug|Any CPU
		{EDD3DCAD-CC65-4752-A1FE-A9878AC363BD}.Release|Any CPU.ActiveCfg = Release|Any CPU
		{EDD3DCAD-CC65-4752-A1FE-A9878AC363BD}.Release|Any CPU.Build.0 = Release|Any CPU
	EndGlobalSection
	GlobalSection(SolutionProperties) = preSolution
		HideSolutionNode = FALSE
	EndGlobalSection
	GlobalSection(ExtensibilityGlobals) = postSolution
		SolutionGuid = {5628F29C-0D0E-470F-9D48-D83BB4072F06}
	EndGlobalSection
EndGlobal
